
Microsoft Visual Studio Solution File, Format Version 12.00
# Visual Studio Version 17
VisualStudioVersion = 17.4.33213.308
MinimumVisualStudioVersion = 10.0.40219.1
Project("{FAE04EC0-301F-11D3-BF4B-00C04F79EFBC}") = "Intro", "Intro.csproj", "{1DDA3718-C906-4DAA-A087-FDD03F69C403}"
EndProject
Global
	GlobalSection(SolutionConfigurationPlatforms) = preSolution
		Debug|Any CPU = Debug|Any CPU
		Release|Any CPU = Release|Any CPU
	EndGlobalSection
	GlobalSection(ProjectConfigurationPlatforms) = postSolution
		{1DDA3718-C906-4DAA-A087-FDD03F69C403}.Debug|Any CPU.ActiveCfg = Debug|Any CPU
		{1DDA3718-C906-4DAA-A087-FDD03F69C403}.Debug|Any CPU.Build.0 = Debug|Any CPU
		{1DDA3718-C906-4DAA-A087-FDD03F69C403}.Release|Any CPU.ActiveCfg = Release|Any CPU
		{1DDA3718-C906-4DAA-A087-FDD03F69C403}.Release|Any CPU.Build.0 = Release|Any CPU
	EndGlobalSection
	GlobalSection(SolutionProperties) = preSolution
		HideSolutionNode = FALSE
	EndGlobalSection
	GlobalSection(ExtensibilityGlobals) = postSolution
		SolutionGuid = {57741758-C8B8-4116-B79D-8B5A505B383F}
	EndGlobalSection
EndGlobal
